{
  "requires": true,
  "lockfileVersion": 1,
  "dependencies": {
    "@types/faker": {
      "version": "4.1.5",
      "resolved": "https://registry.npmjs.org/@types/faker/-/faker-4.1.5.tgz",
      "integrity": "sha512-YSDqoBEWYGdNk53xSkkb6REaUaVSlIjxIAGjj/nbLzlZOit7kUU+nA2zC2qQkIVO4MQ+3zl4Sz7aw+kbpHHHUQ=="
    },
    "@types/googlemaps": {
      "version": "3.30.20",
      "resolved": "https://registry.npmjs.org/@types/googlemaps/-/googlemaps-3.30.20.tgz",
      "integrity": "sha512-cTTLBYt6DNKMi359Tg2QndRUbgxvsOcSlFWBDL3OWI/VP7/od4TD6vrmO8ADYdr5elYF/az0frKXi9bddKeMgA=="
    },
    "faker": {
      "version": "4.1.0",
      "resolved": "https://registry.npmjs.org/faker/-/faker-4.1.0.tgz",
      "integrity": "sha1-HkW7vsxndLPBlfrSg1EJxtdIzD8="
    },
    "typescript": {
      "version": "3.4.5",
      "resolved": "https://registry.npmjs.org/typescript/-/typescript-3.4.5.tgz",
      "integrity": "sha512-YycBxUb49UUhdNMU5aJ7z5Ej2XGmaIBL0x34vZ82fn3hGvD+bgrMrVDpatgz2f7YxUMJxMkbWxJZeAvDxVe7Vw==",
      "dev": true
    }
  }
}
